
Microsoft Visual Studio Solution File, Format Version 12.00
# Visual Studio Version 17
VisualStudioVersion = 17.10.35027.167
MinimumVisualStudioVersion = 10.0.40219.1
Project("{9A19103F-16F7-4668-BE54-9A1E7A4F7556}") = "Repos", "Repos\Repos.csproj", "{1F724D22-5828-4FAF-B0BF-A7510C943450}"
EndProject
Project("{9A19103F-16F7-4668-BE54-9A1E7A4F7556}") = "Terminal.Gui", "..\..\..\ThirdParty\Terminal.Gui\Terminal.Gui\Terminal.Gui.csproj", "{9E33420D-D681-432B-8780-633334819F81}"
EndProject
Project("{9A19103F-16F7-4668-BE54-9A1E7A4F7556}") = "UICatalog", "..\..\..\ThirdParty\Terminal.Gui\UICatalog\UICatalog.csproj", "{9E5BF25E-7590-4510-BEB4-90E411649AD3}"
EndProject
Global
	GlobalSection(SolutionConfigurationPlatforms) = preSolution
		Debug|Any CPU = Debug|Any CPU
		Release|Any CPU = Release|Any CPU
	EndGlobalSection
	GlobalSection(ProjectConfigurationPlatforms) = postSolution
		{1F724D22-5828-4FAF-B0BF-A7510C943450}.Debug|Any CPU.ActiveCfg = Debug|Any CPU
		{1F724D22-5828-4FAF-B0BF-A7510C943450}.Debug|Any CPU.Build.0 = Debug|Any CPU
		{1F724D22-5828-4FAF-B0BF-A7510C943450}.Release|Any CPU.ActiveCfg = Release|Any CPU
		{1F724D22-5828-4FAF-B0BF-A7510C943450}.Release|Any CPU.Build.0 = Release|Any CPU
		{9E33420D-D681-432B-8780-633334819F81}.Debug|Any CPU.ActiveCfg = Debug|Any CPU
		{9E33420D-D681-432B-8780-633334819F81}.Debug|Any CPU.Build.0 = Debug|Any CPU
		{9E33420D-D681-432B-8780-633334819F81}.Release|Any CPU.ActiveCfg = Release|Any CPU
		{9E33420D-D681-432B-8780-633334819F81}.Release|Any CPU.Build.0 = Release|Any CPU
		{9E5BF25E-7590-4510-BEB4-90E411649AD3}.Debug|Any CPU.ActiveCfg = Debug|Any CPU
		{9E5BF25E-7590-4510-BEB4-90E411649AD3}.Debug|Any CPU.Build.0 = Debug|Any CPU
		{9E5BF25E-7590-4510-BEB4-90E411649AD3}.Release|Any CPU.ActiveCfg = Release|Any CPU
		{9E5BF25E-7590-4510-BEB4-90E411649AD3}.Release|Any CPU.Build.0 = Release|Any CPU
	EndGlobalSection
	GlobalSection(SolutionProperties) = preSolution
		HideSolutionNode = FALSE
	EndGlobalSection
	GlobalSection(ExtensibilityGlobals) = postSolution
		SolutionGuid = {02394EF3-22BA-451A-8D75-270E2A3DB99B}
	EndGlobalSection
EndGlobal
